
Microsoft Visual Studio Solution File, Format Version 12.00
# Visual Studio Version 17
VisualStudioVersion = 17.7.34024.191
MinimumVisualStudioVersion = 10.0.40219.1
Project("{9A19103F-16F7-4668-BE54-9A1E7A4F7556}") = "BlogsiteAPI", "BlogsiteAPI.csproj", "{54D7CFCF-410A-41DF-AA1C-E55DA8970449}"
	ProjectSection(ProjectDependencies) = postProject
		{200DCB67-769D-403E-B9E1-F616C044A662} = {200DCB67-769D-403E-B9E1-F616C044A662}
		{63382C44-1C11-46CC-B2FE-41EC0ED45C3B} = {63382C44-1C11-46CC-B2FE-41EC0ED45C3B}
		{93F4E412-4A8B-4E0E-AB38-4A3C3126E035} = {93F4E412-4A8B-4E0E-AB38-4A3C3126E035}
	EndProjectSection
EndProject
Project("{9A19103F-16F7-4668-BE54-9A1E7A4F7556}") = "BlogsiteDomain", "..\BlogsiteDomain\BlogsiteDomain.csproj", "{93F4E412-4A8B-4E0E-AB38-4A3C3126E035}"
EndProject
Project("{9A19103F-16F7-4668-BE54-9A1E7A4F7556}") = "BlogsiteMongoAccess", "..\BlogsiteMongoAccess\BlogsiteMongoAccess.csproj", "{63382C44-1C11-46CC-B2FE-41EC0ED45C3B}"
EndProject
Project("{9A19103F-16F7-4668-BE54-9A1E7A4F7556}") = "BlogsiteAppAccountAccess", "..\BlogsiteAppAccountAccess\BlogsiteAppAccountAccess.csproj", "{200DCB67-769D-403E-B9E1-F616C044A662}"
EndProject
Global
	GlobalSection(SolutionConfigurationPlatforms) = preSolution
		Debug|Any CPU = Debug|Any CPU
		Release|Any CPU = Release|Any CPU
	EndGlobalSection
	GlobalSection(ProjectConfigurationPlatforms) = postSolution
		{54D7CFCF-410A-41DF-AA1C-E55DA8970449}.Debug|Any CPU.ActiveCfg = Debug|Any CPU
		{54D7CFCF-410A-41DF-AA1C-E55DA8970449}.Debug|Any CPU.Build.0 = Debug|Any CPU
		{54D7CFCF-410A-41DF-AA1C-E55DA8970449}.Release|Any CPU.ActiveCfg = Release|Any CPU
		{54D7CFCF-410A-41DF-AA1C-E55DA8970449}.Release|Any CPU.Build.0 = Release|Any CPU
		{93F4E412-4A8B-4E0E-AB38-4A3C3126E035}.Debug|Any CPU.ActiveCfg = Debug|Any CPU
		{93F4E412-4A8B-4E0E-AB38-4A3C3126E035}.Debug|Any CPU.Build.0 = Debug|Any CPU
		{93F4E412-4A8B-4E0E-AB38-4A3C3126E035}.Release|Any CPU.ActiveCfg = Release|Any CPU
		{93F4E412-4A8B-4E0E-AB38-4A3C3126E035}.Release|Any CPU.Build.0 = Release|Any CPU
		{63382C44-1C11-46CC-B2FE-41EC0ED45C3B}.Debug|Any CPU.ActiveCfg = Debug|Any CPU
		{63382C44-1C11-46CC-B2FE-41EC0ED45C3B}.Debug|Any CPU.Build.0 = Debug|Any CPU
		{63382C44-1C11-46CC-B2FE-41EC0ED45C3B}.Release|Any CPU.ActiveCfg = Release|Any CPU
		{63382C44-1C11-46CC-B2FE-41EC0ED45C3B}.Release|Any CPU.Build.0 = Release|Any CPU
		{200DCB67-769D-403E-B9E1-F616C044A662}.Debug|Any CPU.ActiveCfg = Debug|Any CPU
		{200DCB67-769D-403E-B9E1-F616C044A662}.Debug|Any CPU.Build.0 = Debug|Any CPU
		{200DCB67-769D-403E-B9E1-F616C044A662}.Release|Any CPU.ActiveCfg = Release|Any CPU
		{200DCB67-769D-403E-B9E1-F616C044A662}.Release|Any CPU.Build.0 = Release|Any CPU
	EndGlobalSection
	GlobalSection(SolutionProperties) = preSolution
		HideSolutionNode = FALSE
	EndGlobalSection
	GlobalSection(ExtensibilityGlobals) = postSolution
		SolutionGuid = {F13F7A9F-B459-4029-B02E-3F0C1E7B95BC}
	EndGlobalSection
EndGlobal
